// !$*UTF8*$!
{
	archiveVersion = 1;
	classes = {
	};
	objectVersion = 46;
	objects = {

/* Begin PBXBuildFile section */
		976369801672362B00AF48F7 /* CalculatorBrain.m in Sources */ = {isa = PBXBuildFile; fileRef = 9763697F1672362B00AF48F7 /* CalculatorBrain.m */; };
		97A3E20D166E232800805444 /* UIKit.framework in Frameworks */ = {isa = PBXBuildFile; fileRef = 97A3E20C166E232800805444 /* UIKit.framework */; };
		97A3E20F166E232800805444 /* Foundation.framework in Frameworks */ = {isa = PBXBuildFile; fileRef = 97A3E20E166E232800805444 /* Foundation.framework */; };
		97A3E211166E232800805444 /* CoreGraphics.framework in Frameworks */ = {isa = PBXBuildFile; fileRef = 97A3E210166E232800805444 /* CoreGraphics.framework */; };
		97A3E217166E232800805444 /* InfoPlist.strings in Resources */ = {isa = PBXBuildFile; fileRef = 97A3E215166E232800805444 /* InfoPlist.strings */; };
		97A3E219166E232800805444 /* main.m in Sources */ = {isa = PBXBuildFile; fileRef = 97A3E218166E232800805444 /* main.m */; };
		97A3E21D166E232800805444 /* CalculatorAppDelegate.m in Sources */ = {isa = PBXBuildFile; fileRef = 97A3E21C166E232800805444 /* CalculatorAppDelegate.m */; };
		97A3E220166E232800805444 /* MainStoryboard.storyboard in Resources */ = {isa = PBXBuildFile; fileRef = 97A3E21E166E232800805444 /* MainStoryboard.storyboard */; };
		97A3E223166E232800805444 /* CalculatorViewController.m in Sources */ = {isa = PBXBuildFile; fileRef = 97A3E222166E232800805444 /* CalculatorViewController.m */; };
/* End PBXBuildFile section */

/* Begin PBXFileReference section */
		9763697E1672362B00AF48F7 /* CalculatorBrain.h */ = {isa = PBXFileReference; fileEncoding = 4; lastKnownFileType = sourcecode.c.h; path = CalculatorBrain.h; sourceTree = "<group>"; };
		9763697F1672362B00AF48F7 /* CalculatorBrain.m */ = {isa = PBXFileReference; fileEncoding = 4; lastKnownFileType = sourcecode.c.objc; path = CalculatorBrain.m; sourceTree = "<group>"; };
		97A3E208166E232800805444 /* RPNCalculator.app */ = {isa = PBXFileReference; explicitFileType = wrapper.application; includeInIndex = 0; path = RPNCalculator.app; sourceTree = BUILT_PRODUCTS_DIR; };
		97A3E20C166E232800805444 /* UIKit.framework */ = {isa = PBXFileReference; lastKnownFileType = wrapper.framework; name = UIKit.framework; path = System/Library/Frameworks/UIKit.framework; sourceTree = SDKROOT; };
		97A3E20E166E232800805444 /* Foundation.framework */ = {isa = PBXFileReference; lastKnownFileType = wrapper.framework; name = Foundation.framework; path = System/Library/Frameworks/Foundation.framework; sourceTree = SDKROOT; };
		97A3E210166E232800805444 /* CoreGraphics.framework */ = {isa = PBXFileReference; lastKnownFileType = wrapper.framework; name = CoreGraphics.framework; path = System/Library/Frameworks/CoreGraphics.framework; sourceTree = SDKROOT; };
		97A3E214166E232800805444 /* RPNCalculator-Info.plist */ = {isa = PBXFileReference; lastKnownFileType = text.plist.xml; path = "RPNCalculator-Info.plist"; sourceTree = "<group>"; };
		97A3E216166E232800805444 /* en */ = {isa = PBXFileReference; lastKnownFileType = text.plist.strings; name = en; path = en.lproj/InfoPlist.strings; sourceTree = "<group>"; };
		97A3E218166E232800805444 /* main.m */ = {isa = PBXFileReference; lastKnownFileType = sourcecode.c.objc; path = main.m; sourceTree = "<group>"; };
		97A3E21A166E232800805444 /* RPNCalculator-Prefix.pch */ = {isa = PBXFileReference; lastKnownFileType = sourcecode.c.h; path = "RPNCalculator-Prefix.pch"; sourceTree = "<group>"; };
		97A3E21B166E232800805444 /* CalculatorAppDelegate.h */ = {isa = PBXFileReference; lastKnownFileType = sourcecode.c.h; path = CalculatorAppDelegate.h; sourceTree = "<group>"; };
		97A3E21C166E232800805444 /* CalculatorAppDelegate.m */ = {isa = PBXFileReference; lastKnownFileType = sourcecode.c.objc; path = CalculatorAppDelegate.m; sourceTree = "<group>"; };
		97A3E21F166E232800805444 /* en */ = {isa = PBXFileReference; lastKnownFileType = file.storyboard; name = en; path = en.lproj/MainStoryboard.storyboard; sourceTree = "<group>"; };
		97A3E221166E232800805444 /* CalculatorViewController.h */ = {isa = PBXFileReference; lastKnownFileType = sourcecode.c.h; path = CalculatorViewController.h; sourceTree = "<group>"; };
		97A3E222166E232800805444 /* CalculatorViewController.m */ = {isa = PBXFileReference; lastKnownFileType = sourcecode.c.objc; path = CalculatorViewController.m; sourceTree = "<group>"; };
/* End PBXFileReference section */

/* Begin PBXFrameworksBuildPhase section */
		97A3E205166E232800805444 /* Frameworks */ = {
			isa = PBXFrameworksBuildPhase;
			buildActionMask = 2147483647;
			files = (
				97A3E20D166E232800805444 /* UIKit.framework in Frameworks */,
				97A3E20F166E232800805444 /* Foundation.framework in Frameworks */,
				97A3E211166E232800805444 /* CoreGraphics.framework in Frameworks */,
			);
			runOnlyForDeploymentPostprocessing = 0;
		};
/* End PBXFrameworksBuildPhase section */

/* Begin PBXGroup section */
		97A3E1FD166E232800805444 = {
			isa = PBXGroup;
			children = (
				97A3E212166E232800805444 /* RPNCalculator */,
				97A3E20B166E232800805444 /* Frameworks */,
				97A3E209166E232800805444 /* Products */,
			);
			sourceTree = "<group>";
		};
		97A3E209166E232800805444 /* Products */ = {
			isa = PBXGroup;
			children = (
				97A3E208166E232800805444 /* RPNCalculator.app */,
			);
			name = Products;
			sourceTree = "<group>";
		};
		97A3E20B166E232800805444 /* Frameworks */ = {
			isa = PBXGroup;
			children = (
				97A3E20C166E232800805444 /* UIKit.framework */,
				97A3E20E166E232800805444 /* Foundation.framework */,
				97A3E210166E232800805444 /* CoreGraphics.framework */,
			);
			name = Frameworks;
			sourceTree = "<group>";
		};
		97A3E212166E232800805444 /* RPNCalculator */ = {
			isa = PBXGroup;
			children = (
				97A3E21B166E232800805444 /* CalculatorAppDelegate.h */,
				97A3E21C166E232800805444 /* CalculatorAppDelegate.m */,
				97A3E21E166E232800805444 /* MainStoryboard.storyboard */,
				97A3E221166E232800805444 /* CalculatorViewController.h */,
				97A3E222166E232800805444 /* CalculatorViewController.m */,
				9763697E1672362B00AF48F7 /* CalculatorBrain.h */,
				9763697F1672362B00AF48F7 /* CalculatorBrain.m */,
				97A3E213166E232800805444 /* Supporting Files */,
			);
			path = RPNCalculator;
			sourceTree = "<group>";
		};
		97A3E213166E232800805444 /* Supporting Files */ = {
			isa = PBXGroup;
			children = (
				97A3E214166E232800805444 /* RPNCalculator-Info.plist */,
				97A3E215166E232800805444 /* InfoPlist.strings */,
				97A3E218166E232800805444 /* main.m */,
				97A3E21A166E232800805444 /* RPNCalculator-Prefix.pch */,
			);
			name = "Supporting Files";
			sourceTree = "<group>";
		};
/* End PBXGroup section */

/* Begin PBXNativeTarget section */
		97A3E207166E232800805444 /* RPNCalculator */ = {
			isa = PBXNativeTarget;
			buildConfigurationList = 97A3E226166E232800805444 /* Build configuration list for PBXNativeTarget "RPNCalculator" */;
			buildPhases = (
				97A3E204166E232800805444 /* Sources */,
				97A3E205166E232800805444 /* Frameworks */,
				97A3E206166E232800805444 /* Resources */,
			);
			buildRules = (
			);
			dependencies = (
			);
			name = RPNCalculator;
			productName = RPNCalculator;
			productReference = 97A3E208166E232800805444 /* RPNCalculator.app */;
			productType = "com.apple.product-type.application";
		};
/* End PBXNativeTarget section */

/* Begin PBXProject section */
		97A3E1FF166E232800805444 /* Project object */ = {
			isa = PBXProject;
			attributes = {
				LastUpgradeCheck = 0420;
				ORGANIZATIONNAME = "Apple Inc.";
			};
			buildConfigurationList = 97A3E202166E232800805444 /* Build configuration list for PBXProject "RPNCalculator" */;
			compatibilityVersion = "Xcode 3.2";
			developmentRegion = English;
			hasScannedForEncodings = 0;
			knownRegions = (
				en,
			);
			mainGroup = 97A3E1FD166E232800805444;
			productRefGroup = 97A3E209166E232800805444 /* Products */;
			projectDirPath = "";
			projectRoot = "";
			targets = (
				97A3E207166E232800805444 /* RPNCalculator */,
			);
		};
/* End PBXProject section */

/* Begin PBXResourcesBuildPhase section */
		97A3E206166E232800805444 /* Resources */ = {
			isa = PBXResourcesBuildPhase;
			buildActionMask = 2147483647;
			files = (
				97A3E217166E232800805444 /* InfoPlist.strings in Resources */,
				97A3E220166E232800805444 /* MainStoryboard.storyboard in Resources */,
			);
			runOnlyForDeploymentPostprocessing = 0;
		};
/* End PBXResourcesBuildPhase section */

/* Begin PBXSourcesBuildPhase section */
		97A3E204166E232800805444 /* Sources */ = {
			isa = PBXSourcesBuildPhase;
			buildActionMask = 2147483647;
			files = (
				97A3E219166E232800805444 /* main.m in Sources */,
				97A3E21D166E232800805444 /* CalculatorAppDelegate.m in Sources */,
				97A3E223166E232800805444 /* CalculatorViewController.m in Sources */,
				976369801672362B00AF48F7 /* CalculatorBrain.m in Sources */,
			);
			runOnlyForDeploymentPostprocessing = 0;
		};
/* End PBXSourcesBuildPhase section */

/* Begin PBXVariantGroup section */
		97A3E215166E232800805444 /* InfoPlist.strings */ = {
			isa = PBXVariantGroup;
			children = (
				97A3E216166E232800805444 /* en */,
			);
			name = InfoPlist.strings;
			sourceTree = "<group>";
		};
		97A3E21E166E232800805444 /* MainStoryboard.storyboard */ = {
			isa = PBXVariantGroup;
			children = (
				97A3E21F166E232800805444 /* en */,
			);
			name = MainStoryboard.storyboard;
			sourceTree = "<group>";
		};
/* End PBXVariantGroup section */

/* Begin XCBuildConfiguration section */
		97A3E224166E232800805444 /* Debug */ = {
			isa = XCBuildConfiguration;
			buildSettings = {
				ALWAYS_SEARCH_USER_PATHS = NO;
				ARCHS = "$(ARCHS_STANDARD_32_BIT)";
				CLANG_ENABLE_OBJC_ARC = YES;
				"CODE_SIGN_IDENTITY[sdk=iphoneos*]" = "iPhone Developer";
				COPY_PHASE_STRIP = NO;
				GCC_C_LANGUAGE_STANDARD = gnu99;
				GCC_DYNAMIC_NO_PIC = NO;
				GCC_OPTIMIZATION_LEVEL = 0;
				GCC_PREPROCESSOR_DEFINITIONS = (
					"DEBUG=1",
					"$(inherited)",
				);
				GCC_SYMBOLS_PRIVATE_EXTERN = NO;
				GCC_VERSION = com.apple.compilers.llvm.clang.1_0;
				GCC_WARN_ABOUT_MISSING_PROTOTYPES = YES;
				GCC_WARN_ABOUT_RETURN_TYPE = YES;
				GCC_WARN_UNUSED_VARIABLE = YES;
				IPHONEOS_DEPLOYMENT_TARGET = 5.0;
				SDKROOT = iphoneos;
			};
			name = Debug;
		};
		97A3E225166E232800805444 /* Release */ = {
			isa = XCBuildConfiguration;
			buildSettings = {
				ALWAYS_SEARCH_USER_PATHS = NO;
				ARCHS = "$(ARCHS_STANDARD_32_BIT)";
				CLANG_ENABLE_OBJC_ARC = YES;
				"CODE_SIGN_IDENTITY[sdk=iphoneos*]" = "iPhone Developer";
				COPY_PHASE_STRIP = YES;
				GCC_C_LANGUAGE_STANDARD = gnu99;
				GCC_VERSION = com.apple.compilers.llvm.clang.1_0;
				GCC_WARN_ABOUT_MISSING_PROTOTYPES = YES;
				GCC_WARN_ABOUT_RETURN_TYPE = YES;
				GCC_WARN_UNUSED_VARIABLE = YES;
				IPHONEOS_DEPLOYMENT_TARGET = 5.0;
				OTHER_CFLAGS = "-DNS_BLOCK_ASSERTIONS=1";
				SDKROOT = iphoneos;
				VALIDATE_PRODUCT = YES;
			};
			name = Release;
		};
		97A3E227166E232800805444 /* Debug */ = {
			isa = XCBuildConfiguration;
			buildSettings = {
				GCC_PRECOMPILE_PREFIX_HEADER = YES;
				GCC_PREFIX_HEADER = "RPNCalculator/RPNCalculator-Prefix.pch";
				INFOPLIST_FILE = "RPNCalculator/RPNCalculator-Info.plist";
				PRODUCT_NAME = "$(TARGET_NAME)";
				WRAPPER_EXTENSION = app;
			};
			name = Debug;
		};
		97A3E228166E232800805444 /* Release */ = {
			isa = XCBuildConfiguration;
			buildSettings = {
				GCC_PRECOMPILE_PREFIX_HEADER = YES;
				GCC_PREFIX_HEADER = "RPNCalculator/RPNCalculator-Prefix.pch";
				INFOPLIST_FILE = "RPNCalculator/RPNCalculator-Info.plist";
				PRODUCT_NAME = "$(TARGET_NAME)";
				WRAPPER_EXTENSION = app;
			};
			name = Release;
		};
/* End XCBuildConfiguration section */

/* Begin XCConfigurationList section */
		97A3E202166E232800805444 /* Build configuration list for PBXProject "RPNCalculator" */ = {
			isa = XCConfigurationList;
			buildConfigurations = (
				97A3E224166E232800805444 /* Debug */,
				97A3E225166E232800805444 /* Release */,
			);
			defaultConfigurationIsVisible = 0;
			defaultConfigurationName = Release;
		};
		97A3E226166E232800805444 /* Build configuration list for PBXNativeTarget "RPNCalculator" */ = {
			isa = XCConfigurationList;
			buildConfigurations = (
				97A3E227166E232800805444 /* Debug */,
				97A3E228166E232800805444 /* Release */,
			);
			defaultConfigurationIsVisible = 0;
			defaultConfigurationName = Release;
		};
/* End XCConfigurationList section */
	};
	rootObject = 97A3E1FF166E232800805444 /* Project object */;
}
